
Microsoft Visual Studio Solution File, Format Version 12.00
# Visual Studio Version 17
VisualStudioVersion = 17.8.34330.188
MinimumVisualStudioVersion = 10.0.40219.1
Project("{FAE04EC0-301F-11D3-BF4B-00C04F79EFBC}") = "RealTimeSignalRClient", "RealTimeSignalRClient\RealTimeSignalRClient.csproj", "{4F1931E5-321F-4AF7-AF94-7E4109AC8C5D}"
EndProject
Global
	GlobalSection(SolutionConfigurationPlatforms) = preSolution
		Debug|Any CPU = Debug|Any CPU
		Release|Any CPU = Release|Any CPU
	EndGlobalSection
	GlobalSection(ProjectConfigurationPlatforms) = postSolution
		{4F1931E5-321F-4AF7-AF94-7E4109AC8C5D}.Debug|Any CPU.ActiveCfg = Debug|Any CPU
		{4F1931E5-321F-4AF7-AF94-7E4109AC8C5D}.Debug|Any CPU.Build.0 = Debug|Any CPU
		{4F1931E5-321F-4AF7-AF94-7E4109AC8C5D}.Release|Any CPU.ActiveCfg = Release|Any CPU
		{4F1931E5-321F-4AF7-AF94-7E4109AC8C5D}.Release|Any CPU.Build.0 = Release|Any CPU
	EndGlobalSection
	GlobalSection(SolutionProperties) = preSolution
		HideSolutionNode = FALSE
	EndGlobalSection
	GlobalSection(ExtensibilityGlobals) = postSolution
		SolutionGuid = {1F4DF483-D940-40B4-8F3B-B79DE7B06715}
	EndGlobalSection
EndGlobal
